// !$*UTF8*$!
{
	archiveVersion = 1;
	classes = {
	};
	objectVersion = 56;
	objects = {

/* Begin PBXBuildFile section */
		2B7206022C9596A7007F1AC1 /* PNRNetworkManager.h in Headers */ = {isa = PBXBuildFile; fileRef = 2B7206012C9596A7007F1AC1 /* PNRNetworkManager.h */; settings = {ATTRIBUTES = (Public, ); }; };
		2B7206072C95B521007F1AC1 /* NSObject+PNRPropertyInspector.m in Sources */ = {isa = PBXBuildFile; fileRef = 2B7206032C95B521007F1AC1 /* NSObject+PNRPropertyInspector.m */; };
		2B7206082C95B521007F1AC1 /* NSObject+PNRPropertyInspector.h in Headers */ = {isa = PBXBuildFile; fileRef = 2B7206042C95B521007F1AC1 /* NSObject+PNRPropertyInspector.h */; };
		2B7206092C95B521007F1AC1 /* PNRObjectPopulator.m in Sources */ = {isa = PBXBuildFile; fileRef = 2B7206052C95B521007F1AC1 /* PNRObjectPopulator.m */; };
		2B72060A2C95B521007F1AC1 /* PNRObjectPopulator.h in Headers */ = {isa = PBXBuildFile; fileRef = 2B7206062C95B521007F1AC1 /* PNRObjectPopulator.h */; settings = {ATTRIBUTES = (Public, ); }; };
		2BA716272C7B7A2800F126C9 /* ServiceProxy.framework in Frameworks */ = {isa = PBXBuildFile; fileRef = 2BA7161C2C7B7A2800F126C9 /* ServiceProxy.framework */; };
		2BA7162D2C7B7A2800F126C9 /* ServiceProxy.h in Headers */ = {isa = PBXBuildFile; fileRef = 2BA7161F2C7B7A2800F126C9 /* ServiceProxy.h */; settings = {ATTRIBUTES = (Public, ); }; };
		2BA716422C7B864B00F126C9 /* PNRService.m in Sources */ = {isa = PBXBuildFile; fileRef = 2BA716412C7B864B00F126C9 /* PNRService.m */; };
		2BA716432C7B864B00F126C9 /* PNRServiceProxy.m in Sources */ = {isa = PBXBuildFile; fileRef = 2BA7163E2C7B864B00F126C9 /* PNRServiceProxy.m */; };
		2BA716452C7B864B00F126C9 /* PNRServiceInvocationScope.m in Sources */ = {isa = PBXBuildFile; fileRef = 2BA7163F2C7B864B00F126C9 /* PNRServiceInvocationScope.m */; };
		2BA716462C7B864B00F126C9 /* PNRServiceManager.m in Sources */ = {isa = PBXBuildFile; fileRef = 2BA7163D2C7B864B00F126C9 /* PNRServiceManager.m */; };
		2BA716472C7B864B00F126C9 /* PNRServiceInfo.m in Sources */ = {isa = PBXBuildFile; fileRef = 2BA716362C7B864B00F126C9 /* PNRServiceInfo.m */; };
		2BA7165B2C7B940A00F126C9 /* NSDictionary+Additions.m in Sources */ = {isa = PBXBuildFile; fileRef = 2BA7165A2C7B940A00F126C9 /* NSDictionary+Additions.m */; };
		2BA7165E2C7B94F200F126C9 /* NSString+Additions.m in Sources */ = {isa = PBXBuildFile; fileRef = 2BA7165D2C7B94F200F126C9 /* NSString+Additions.m */; };
		2BA7165F2C7B9FDE00F126C9 /* PNRService.h in Headers */ = {isa = PBXBuildFile; fileRef = 2BA7163A2C7B864B00F126C9 /* PNRService.h */; settings = {ATTRIBUTES = (Public, ); }; };
		2BA716602C7B9FF200F126C9 /* PNRServiceInfo.h in Headers */ = {isa = PBXBuildFile; fileRef = 2BA7163C2C7B864B00F126C9 /* PNRServiceInfo.h */; settings = {ATTRIBUTES = (Public, ); }; };
		2BA716612C7B9FFC00F126C9 /* PNRServiceManager.h in Headers */ = {isa = PBXBuildFile; fileRef = 2BA716382C7B864B00F126C9 /* PNRServiceManager.h */; settings = {ATTRIBUTES = (Public, ); }; };
		2BA716622C7BA00400F126C9 /* PNRServiceInvocationScope.h in Headers */ = {isa = PBXBuildFile; fileRef = 2BA716372C7B864B00F126C9 /* PNRServiceInvocationScope.h */; settings = {ATTRIBUTES = (Public, ); }; };
		2BA716672C7BADBD00F126C9 /* PNRBlockDescription.h in Headers */ = {isa = PBXBuildFile; fileRef = 2BA716642C7BADBD00F126C9 /* PNRBlockDescription.h */; };
		2BA716682C7BADBD00F126C9 /* PNRBlockDescription.m in Sources */ = {isa = PBXBuildFile; fileRef = 2BA716652C7BADBD00F126C9 /* PNRBlockDescription.m */; };
		2BA716772C7C621500F126C9 /* PNRSampleSuperClass.m in Sources */ = {isa = PBXBuildFile; fileRef = 2BA716692C7C621500F126C9 /* PNRSampleSuperClass.m */; };
		2BA716782C7C621500F126C9 /* PNRPropertyTestInvalidClass.m in Sources */ = {isa = PBXBuildFile; fileRef = 2BA7166B2C7C621500F126C9 /* PNRPropertyTestInvalidClass.m */; };
		2BA716792C7C621500F126C9 /* PNRSampleClassWithArray.m in Sources */ = {isa = PBXBuildFile; fileRef = 2BA7166C2C7C621500F126C9 /* PNRSampleClassWithArray.m */; };
		2BA7167A2C7C621500F126C9 /* PNRPropertyTestClassWithExcludedProperties.m in Sources */ = {isa = PBXBuildFile; fileRef = 2BA7166E2C7C621500F126C9 /* PNRPropertyTestClassWithExcludedProperties.m */; };
		2BA7167B2C7C621500F126C9 /* PNRPropertyInspectorTests.m in Sources */ = {isa = PBXBuildFile; fileRef = 2BA7166F2C7C621500F126C9 /* PNRPropertyInspectorTests.m */; };
		2BA7167C2C7C621500F126C9 /* PNRSampleClass.m in Sources */ = {isa = PBXBuildFile; fileRef = 2BA716732C7C621500F126C9 /* PNRSampleClass.m */; };
		2BA7167D2C7C621500F126C9 /* PNRPropertyTestClass.m in Sources */ = {isa = PBXBuildFile; fileRef = 2BA716742C7C621500F126C9 /* PNRPropertyTestClass.m */; };
		2BA7167E2C7C621500F126C9 /* PNRObjectPopulatorTests.m in Sources */ = {isa = PBXBuildFile; fileRef = 2BA716762C7C621500F126C9 /* PNRObjectPopulatorTests.m */; };
/* End PBXBuildFile section */

/* Begin PBXContainerItemProxy section */
		2BA716282C7B7A2800F126C9 /* PBXContainerItemProxy */ = {
			isa = PBXContainerItemProxy;
			containerPortal = 2BA716132C7B7A2800F126C9 /* Project object */;
			proxyType = 1;
			remoteGlobalIDString = 2BA7161B2C7B7A2800F126C9;
			remoteInfo = ServiceProxy;
		};
/* End PBXContainerItemProxy section */

/* Begin PBXFileReference section */
		2B7206012C9596A7007F1AC1 /* PNRNetworkManager.h */ = {isa = PBXFileReference; fileEncoding = 4; lastKnownFileType = sourcecode.c.h; path = PNRNetworkManager.h; sourceTree = "<group>"; };
		2B7206032C95B521007F1AC1 /* NSObject+PNRPropertyInspector.m */ = {isa = PBXFileReference; fileEncoding = 4; lastKnownFileType = sourcecode.c.objc; path = "NSObject+PNRPropertyInspector.m"; sourceTree = "<group>"; };
		2B7206042C95B521007F1AC1 /* NSObject+PNRPropertyInspector.h */ = {isa = PBXFileReference; fileEncoding = 4; lastKnownFileType = sourcecode.c.h; path = "NSObject+PNRPropertyInspector.h"; sourceTree = "<group>"; };
		2B7206052C95B521007F1AC1 /* PNRObjectPopulator.m */ = {isa = PBXFileReference; fileEncoding = 4; lastKnownFileType = sourcecode.c.objc; path = PNRObjectPopulator.m; sourceTree = "<group>"; };
		2B7206062C95B521007F1AC1 /* PNRObjectPopulator.h */ = {isa = PBXFileReference; fileEncoding = 4; lastKnownFileType = sourcecode.c.h; path = PNRObjectPopulator.h; sourceTree = "<group>"; };
		2BA7161C2C7B7A2800F126C9 /* ServiceProxy.framework */ = {isa = PBXFileReference; explicitFileType = wrapper.framework; includeInIndex = 0; path = ServiceProxy.framework; sourceTree = BUILT_PRODUCTS_DIR; };
		2BA7161F2C7B7A2800F126C9 /* ServiceProxy.h */ = {isa = PBXFileReference; lastKnownFileType = sourcecode.c.h; path = ServiceProxy.h; sourceTree = "<group>"; };
		2BA716262C7B7A2800F126C9 /* ServiceProxyTests.xctest */ = {isa = PBXFileReference; explicitFileType = wrapper.cfbundle; includeInIndex = 0; path = ServiceProxyTests.xctest; sourceTree = BUILT_PRODUCTS_DIR; };
		2BA716362C7B864B00F126C9 /* PNRServiceInfo.m */ = {isa = PBXFileReference; lastKnownFileType = sourcecode.c.objc; path = PNRServiceInfo.m; sourceTree = "<group>"; };
		2BA716372C7B864B00F126C9 /* PNRServiceInvocationScope.h */ = {isa = PBXFileReference; lastKnownFileType = sourcecode.c.h; path = PNRServiceInvocationScope.h; sourceTree = "<group>"; };
		2BA716382C7B864B00F126C9 /* PNRServiceManager.h */ = {isa = PBXFileReference; lastKnownFileType = sourcecode.c.h; path = PNRServiceManager.h; sourceTree = "<group>"; };
		2BA716392C7B864B00F126C9 /* PNRServiceProxy.h */ = {isa = PBXFileReference; lastKnownFileType = sourcecode.c.h; path = PNRServiceProxy.h; sourceTree = "<group>"; };
		2BA7163A2C7B864B00F126C9 /* PNRService.h */ = {isa = PBXFileReference; lastKnownFileType = sourcecode.c.h; path = PNRService.h; sourceTree = "<group>"; };
		2BA7163C2C7B864B00F126C9 /* PNRServiceInfo.h */ = {isa = PBXFileReference; lastKnownFileType = sourcecode.c.h; path = PNRServiceInfo.h; sourceTree = "<group>"; };
		2BA7163D2C7B864B00F126C9 /* PNRServiceManager.m */ = {isa = PBXFileReference; lastKnownFileType = sourcecode.c.objc; path = PNRServiceManager.m; sourceTree = "<group>"; };
		2BA7163E2C7B864B00F126C9 /* PNRServiceProxy.m */ = {isa = PBXFileReference; lastKnownFileType = sourcecode.c.objc; path = PNRServiceProxy.m; sourceTree = "<group>"; };
		2BA7163F2C7B864B00F126C9 /* PNRServiceInvocationScope.m */ = {isa = PBXFileReference; lastKnownFileType = sourcecode.c.objc; path = PNRServiceInvocationScope.m; sourceTree = "<group>"; };
		2BA716412C7B864B00F126C9 /* PNRService.m */ = {isa = PBXFileReference; lastKnownFileType = sourcecode.c.objc; path = PNRService.m; sourceTree = "<group>"; };
		2BA716592C7B93FA00F126C9 /* NSDictionary+Additions.h */ = {isa = PBXFileReference; lastKnownFileType = sourcecode.c.h; path = "NSDictionary+Additions.h"; sourceTree = "<group>"; };
		2BA7165A2C7B940A00F126C9 /* NSDictionary+Additions.m */ = {isa = PBXFileReference; lastKnownFileType = sourcecode.c.objc; path = "NSDictionary+Additions.m"; sourceTree = "<group>"; };
		2BA7165C2C7B94E400F126C9 /* NSString+Additions.h */ = {isa = PBXFileReference; lastKnownFileType = sourcecode.c.h; path = "NSString+Additions.h"; sourceTree = "<group>"; };
		2BA7165D2C7B94F200F126C9 /* NSString+Additions.m */ = {isa = PBXFileReference; lastKnownFileType = sourcecode.c.objc; path = "NSString+Additions.m"; sourceTree = "<group>"; };
		2BA716642C7BADBD00F126C9 /* PNRBlockDescription.h */ = {isa = PBXFileReference; fileEncoding = 4; lastKnownFileType = sourcecode.c.h; path = PNRBlockDescription.h; sourceTree = "<group>"; };
		2BA716652C7BADBD00F126C9 /* PNRBlockDescription.m */ = {isa = PBXFileReference; fileEncoding = 4; lastKnownFileType = sourcecode.c.objc; path = PNRBlockDescription.m; sourceTree = "<group>"; };
		2BA716692C7C621500F126C9 /* PNRSampleSuperClass.m */ = {isa = PBXFileReference; fileEncoding = 4; lastKnownFileType = sourcecode.c.objc; path = PNRSampleSuperClass.m; sourceTree = "<group>"; };
		2BA7166A2C7C621500F126C9 /* PNRPropertyTestClass.h */ = {isa = PBXFileReference; fileEncoding = 4; lastKnownFileType = sourcecode.c.h; path = PNRPropertyTestClass.h; sourceTree = "<group>"; };
		2BA7166B2C7C621500F126C9 /* PNRPropertyTestInvalidClass.m */ = {isa = PBXFileReference; fileEncoding = 4; lastKnownFileType = sourcecode.c.objc; path = PNRPropertyTestInvalidClass.m; sourceTree = "<group>"; };
		2BA7166C2C7C621500F126C9 /* PNRSampleClassWithArray.m */ = {isa = PBXFileReference; fileEncoding = 4; lastKnownFileType = sourcecode.c.objc; path = PNRSampleClassWithArray.m; sourceTree = "<group>"; };
		2BA7166D2C7C621500F126C9 /* PNRSampleClassWithArray.h */ = {isa = PBXFileReference; fileEncoding = 4; lastKnownFileType = sourcecode.c.h; path = PNRSampleClassWithArray.h; sourceTree = "<group>"; };
		2BA7166E2C7C621500F126C9 /* PNRPropertyTestClassWithExcludedProperties.m */ = {isa = PBXFileReference; fileEncoding = 4; lastKnownFileType = sourcecode.c.objc; path = PNRPropertyTestClassWithExcludedProperties.m; sourceTree = "<group>"; };
		2BA7166F2C7C621500F126C9 /* PNRPropertyInspectorTests.m */ = {isa = PBXFileReference; fileEncoding = 4; lastKnownFileType = sourcecode.c.objc; path = PNRPropertyInspectorTests.m; sourceTree = "<group>"; };
		2BA716702C7C621500F126C9 /* PNRPropertyTestClassWithExcludedProperties.h */ = {isa = PBXFileReference; fileEncoding = 4; lastKnownFileType = sourcecode.c.h; path = PNRPropertyTestClassWithExcludedProperties.h; sourceTree = "<group>"; };
		2BA716712C7C621500F126C9 /* PNRPropertyTestInvalidClass.h */ = {isa = PBXFileReference; fileEncoding = 4; lastKnownFileType = sourcecode.c.h; path = PNRPropertyTestInvalidClass.h; sourceTree = "<group>"; };
		2BA716722C7C621500F126C9 /* PNRSampleClass.h */ = {isa = PBXFileReference; fileEncoding = 4; lastKnownFileType = sourcecode.c.h; path = PNRSampleClass.h; sourceTree = "<group>"; };
		2BA716732C7C621500F126C9 /* PNRSampleClass.m */ = {isa = PBXFileReference; fileEncoding = 4; lastKnownFileType = sourcecode.c.objc; path = PNRSampleClass.m; sourceTree = "<group>"; };
		2BA716742C7C621500F126C9 /* PNRPropertyTestClass.m */ = {isa = PBXFileReference; fileEncoding = 4; lastKnownFileType = sourcecode.c.objc; path = PNRPropertyTestClass.m; sourceTree = "<group>"; };
		2BA716752C7C621500F126C9 /* PNRSampleSuperClass.h */ = {isa = PBXFileReference; fileEncoding = 4; lastKnownFileType = sourcecode.c.h; path = PNRSampleSuperClass.h; sourceTree = "<group>"; };
		2BA716762C7C621500F126C9 /* PNRObjectPopulatorTests.m */ = {isa = PBXFileReference; fileEncoding = 4; lastKnownFileType = sourcecode.c.objc; path = PNRObjectPopulatorTests.m; sourceTree = "<group>"; };
/* End PBXFileReference section */

/* Begin PBXFrameworksBuildPhase section */
		2BA716192C7B7A2800F126C9 /* Frameworks */ = {
			isa = PBXFrameworksBuildPhase;
			buildActionMask = 2147483647;
			files = (
			);
			runOnlyForDeploymentPostprocessing = 0;
		};
		2BA716232C7B7A2800F126C9 /* Frameworks */ = {
			isa = PBXFrameworksBuildPhase;
			buildActionMask = 2147483647;
			files = (
				2BA716272C7B7A2800F126C9 /* ServiceProxy.framework in Frameworks */,
			);
			runOnlyForDeploymentPostprocessing = 0;
		};
/* End PBXFrameworksBuildPhase section */

/* Begin PBXGroup section */
		2BA716122C7B7A2800F126C9 = {
			isa = PBXGroup;
			children = (
				2BA7161E2C7B7A2800F126C9 /* ServiceProxy */,
				2BA7162A2C7B7A2800F126C9 /* ServiceProxyTests */,
				2BA7161D2C7B7A2800F126C9 /* Products */,
			);
			sourceTree = "<group>";
		};
		2BA7161D2C7B7A2800F126C9 /* Products */ = {
			isa = PBXGroup;
			children = (
				2BA7161C2C7B7A2800F126C9 /* ServiceProxy.framework */,
				2BA716262C7B7A2800F126C9 /* ServiceProxyTests.xctest */,
			);
			name = Products;
			sourceTree = "<group>";
		};
		2BA7161E2C7B7A2800F126C9 /* ServiceProxy */ = {
			isa = PBXGroup;
			children = (
				2BA716662C7BADBD00F126C9 /* PNRObjectiveCRuntimeAdditions */,
				2BA7161F2C7B7A2800F126C9 /* ServiceProxy.h */,
				2B7206042C95B521007F1AC1 /* NSObject+PNRPropertyInspector.h */,
				2B7206032C95B521007F1AC1 /* NSObject+PNRPropertyInspector.m */,
				2B7206062C95B521007F1AC1 /* PNRObjectPopulator.h */,
				2B7206052C95B521007F1AC1 /* PNRObjectPopulator.m */,
				2B7206012C9596A7007F1AC1 /* PNRNetworkManager.h */,
				2BA7163A2C7B864B00F126C9 /* PNRService.h */,
				2BA716412C7B864B00F126C9 /* PNRService.m */,
				2BA7163C2C7B864B00F126C9 /* PNRServiceInfo.h */,
				2BA716362C7B864B00F126C9 /* PNRServiceInfo.m */,
				2BA716372C7B864B00F126C9 /* PNRServiceInvocationScope.h */,
				2BA7163F2C7B864B00F126C9 /* PNRServiceInvocationScope.m */,
				2BA716382C7B864B00F126C9 /* PNRServiceManager.h */,
				2BA7163D2C7B864B00F126C9 /* PNRServiceManager.m */,
				2BA716392C7B864B00F126C9 /* PNRServiceProxy.h */,
				2BA7163E2C7B864B00F126C9 /* PNRServiceProxy.m */,
				2BA716592C7B93FA00F126C9 /* NSDictionary+Additions.h */,
				2BA7165A2C7B940A00F126C9 /* NSDictionary+Additions.m */,
				2BA7165C2C7B94E400F126C9 /* NSString+Additions.h */,
				2BA7165D2C7B94F200F126C9 /* NSString+Additions.m */,
			);
			path = ServiceProxy;
			sourceTree = "<group>";
		};
		2BA7162A2C7B7A2800F126C9 /* ServiceProxyTests */ = {
			isa = PBXGroup;
			children = (
				2BA716762C7C621500F126C9 /* PNRObjectPopulatorTests.m */,
				2BA7166F2C7C621500F126C9 /* PNRPropertyInspectorTests.m */,
				2BA7166A2C7C621500F126C9 /* PNRPropertyTestClass.h */,
				2BA716742C7C621500F126C9 /* PNRPropertyTestClass.m */,
				2BA716702C7C621500F126C9 /* PNRPropertyTestClassWithExcludedProperties.h */,
				2BA7166E2C7C621500F126C9 /* PNRPropertyTestClassWithExcludedProperties.m */,
				2BA716712C7C621500F126C9 /* PNRPropertyTestInvalidClass.h */,
				2BA7166B2C7C621500F126C9 /* PNRPropertyTestInvalidClass.m */,
				2BA716722C7C621500F126C9 /* PNRSampleClass.h */,
				2BA716732C7C621500F126C9 /* PNRSampleClass.m */,
				2BA7166D2C7C621500F126C9 /* PNRSampleClassWithArray.h */,
				2BA7166C2C7C621500F126C9 /* PNRSampleClassWithArray.m */,
				2BA716752C7C621500F126C9 /* PNRSampleSuperClass.h */,
				2BA716692C7C621500F126C9 /* PNRSampleSuperClass.m */,
			);
			path = ServiceProxyTests;
			sourceTree = "<group>";
		};
		2BA716662C7BADBD00F126C9 /* PNRObjectiveCRuntimeAdditions */ = {
			isa = PBXGroup;
			children = (
				2BA716642C7BADBD00F126C9 /* PNRBlockDescription.h */,
				2BA716652C7BADBD00F126C9 /* PNRBlockDescription.m */,
			);
			path = PNRObjectiveCRuntimeAdditions;
			sourceTree = "<group>";
		};
/* End PBXGroup section */

/* Begin PBXHeadersBuildPhase section */
		2BA716172C7B7A2800F126C9 /* Headers */ = {
			isa = PBXHeadersBuildPhase;
			buildActionMask = 2147483647;
			files = (
				2BA716602C7B9FF200F126C9 /* PNRServiceInfo.h in Headers */,
				2BA716622C7BA00400F126C9 /* PNRServiceInvocationScope.h in Headers */,
				2BA716612C7B9FFC00F126C9 /* PNRServiceManager.h in Headers */,
				2BA716672C7BADBD00F126C9 /* PNRBlockDescription.h in Headers */,
				2B7206022C9596A7007F1AC1 /* PNRNetworkManager.h in Headers */,
				2B72060A2C95B521007F1AC1 /* PNRObjectPopulator.h in Headers */,
				2B7206082C95B521007F1AC1 /* NSObject+PNRPropertyInspector.h in Headers */,
				2BA7165F2C7B9FDE00F126C9 /* PNRService.h in Headers */,
				2BA7162D2C7B7A2800F126C9 /* ServiceProxy.h in Headers */,
			);
			runOnlyForDeploymentPostprocessing = 0;
		};
/* End PBXHeadersBuildPhase section */

/* Begin PBXNativeTarget section */
		2BA7161B2C7B7A2800F126C9 /* ServiceProxy */ = {
			isa = PBXNativeTarget;
			buildConfigurationList = 2BA716302C7B7A2800F126C9 /* Build configuration list for PBXNativeTarget "ServiceProxy" */;
			buildPhases = (
				2BA716172C7B7A2800F126C9 /* Headers */,
				2BA716182C7B7A2800F126C9 /* Sources */,
				2BA716192C7B7A2800F126C9 /* Frameworks */,
				2BA7161A2C7B7A2800F126C9 /* Resources */,
			);
			buildRules = (
			);
			dependencies = (
			);
			name = ServiceProxy;
			productName = ServiceProxy;
			productReference = 2BA7161C2C7B7A2800F126C9 /* ServiceProxy.framework */;
			productType = "com.apple.product-type.framework";
		};
		2BA716252C7B7A2800F126C9 /* ServiceProxyTests */ = {
			isa = PBXNativeTarget;
			buildConfigurationList = 2BA716332C7B7A2800F126C9 /* Build configuration list for PBXNativeTarget "ServiceProxyTests" */;
			buildPhases = (
				2BA716222C7B7A2800F126C9 /* Sources */,
				2BA716232C7B7A2800F126C9 /* Frameworks */,
				2BA716242C7B7A2800F126C9 /* Resources */,
			);
			buildRules = (
			);
			dependencies = (
				2BA716292C7B7A2800F126C9 /* PBXTargetDependency */,
			);
			name = ServiceProxyTests;
			productName = ServiceProxyTests;
			productReference = 2BA716262C7B7A2800F126C9 /* ServiceProxyTests.xctest */;
			productType = "com.apple.product-type.bundle.unit-test";
		};
/* End PBXNativeTarget section */

/* Begin PBXProject section */
		2BA716132C7B7A2800F126C9 /* Project object */ = {
			isa = PBXProject;
			attributes = {
				BuildIndependentTargetsInParallel = 1;
				LastUpgradeCheck = 1540;
				TargetAttributes = {
					2BA7161B2C7B7A2800F126C9 = {
						CreatedOnToolsVersion = 15.3;
					};
					2BA716252C7B7A2800F126C9 = {
						CreatedOnToolsVersion = 15.3;
					};
				};
			};
			buildConfigurationList = 2BA716162C7B7A2800F126C9 /* Build configuration list for PBXProject "ServiceProxy" */;
			compatibilityVersion = "Xcode 14.0";
			developmentRegion = en;
			hasScannedForEncodings = 0;
			knownRegions = (
				en,
				Base,
			);
			mainGroup = 2BA716122C7B7A2800F126C9;
			productRefGroup = 2BA7161D2C7B7A2800F126C9 /* Products */;
			projectDirPath = "";
			projectRoot = "";
			targets = (
				2BA7161B2C7B7A2800F126C9 /* ServiceProxy */,
				2BA716252C7B7A2800F126C9 /* ServiceProxyTests */,
			);
		};
/* End PBXProject section */

/* Begin PBXResourcesBuildPhase section */
		2BA7161A2C7B7A2800F126C9 /* Resources */ = {
			isa = PBXResourcesBuildPhase;
			buildActionMask = 2147483647;
			files = (
			);
			runOnlyForDeploymentPostprocessing = 0;
		};
		2BA716242C7B7A2800F126C9 /* Resources */ = {
			isa = PBXResourcesBuildPhase;
			buildActionMask = 2147483647;
			files = (
			);
			runOnlyForDeploymentPostprocessing = 0;
		};
/* End PBXResourcesBuildPhase section */

/* Begin PBXSourcesBuildPhase section */
		2BA716182C7B7A2800F126C9 /* Sources */ = {
			isa = PBXSourcesBuildPhase;
			buildActionMask = 2147483647;
			files = (
				2BA716682C7BADBD00F126C9 /* PNRBlockDescription.m in Sources */,
				2BA7165B2C7B940A00F126C9 /* NSDictionary+Additions.m in Sources */,
				2BA716432C7B864B00F126C9 /* PNRServiceProxy.m in Sources */,
				2BA716452C7B864B00F126C9 /* PNRServiceInvocationScope.m in Sources */,
				2BA7165E2C7B94F200F126C9 /* NSString+Additions.m in Sources */,
				2BA716472C7B864B00F126C9 /* PNRServiceInfo.m in Sources */,
				2BA716422C7B864B00F126C9 /* PNRService.m in Sources */,
				2B7206072C95B521007F1AC1 /* NSObject+PNRPropertyInspector.m in Sources */,
				2B7206092C95B521007F1AC1 /* PNRObjectPopulator.m in Sources */,
				2BA716462C7B864B00F126C9 /* PNRServiceManager.m in Sources */,
			);
			runOnlyForDeploymentPostprocessing = 0;
		};
		2BA716222C7B7A2800F126C9 /* Sources */ = {
			isa = PBXSourcesBuildPhase;
			buildActionMask = 2147483647;
			files = (
				2BA7167E2C7C621500F126C9 /* PNRObjectPopulatorTests.m in Sources */,
				2BA716782C7C621500F126C9 /* PNRPropertyTestInvalidClass.m in Sources */,
				2BA7167B2C7C621500F126C9 /* PNRPropertyInspectorTests.m in Sources */,
				2BA7167D2C7C621500F126C9 /* PNRPropertyTestClass.m in Sources */,
				2BA716792C7C621500F126C9 /* PNRSampleClassWithArray.m in Sources */,
				2BA7167C2C7C621500F126C9 /* PNRSampleClass.m in Sources */,
				2BA716772C7C621500F126C9 /* PNRSampleSuperClass.m in Sources */,
				2BA7167A2C7C621500F126C9 /* PNRPropertyTestClassWithExcludedProperties.m in Sources */,
			);
			runOnlyForDeploymentPostprocessing = 0;
		};
/* End PBXSourcesBuildPhase section */

/* Begin PBXTargetDependency section */
		2BA716292C7B7A2800F126C9 /* PBXTargetDependency */ = {
			isa = PBXTargetDependency;
			target = 2BA7161B2C7B7A2800F126C9 /* ServiceProxy */;
			targetProxy = 2BA716282C7B7A2800F126C9 /* PBXContainerItemProxy */;
		};
/* End PBXTargetDependency section */

/* Begin XCBuildConfiguration section */
		2BA7162E2C7B7A2800F126C9 /* Debug */ = {
			isa = XCBuildConfiguration;
			buildSettings = {
				ALWAYS_SEARCH_USER_PATHS = NO;
				ASSETCATALOG_COMPILER_GENERATE_SWIFT_ASSET_SYMBOL_EXTENSIONS = YES;
				CLANG_ANALYZER_NONNULL = YES;
				CLANG_ANALYZER_NUMBER_OBJECT_CONVERSION = YES_AGGRESSIVE;
				CLANG_CXX_LANGUAGE_STANDARD = "gnu++20";
				CLANG_ENABLE_MODULES = YES;
				CLANG_ENABLE_OBJC_ARC = YES;
				CLANG_ENABLE_OBJC_WEAK = YES;
				CLANG_WARN_BLOCK_CAPTURE_AUTORELEASING = YES;
				CLANG_WARN_BOOL_CONVERSION = YES;
				CLANG_WARN_COMMA = YES;
				CLANG_WARN_CONSTANT_CONVERSION = YES;
				CLANG_WARN_DEPRECATED_OBJC_IMPLEMENTATIONS = YES;
				CLANG_WARN_DIRECT_OBJC_ISA_USAGE = YES_ERROR;
				CLANG_WARN_DOCUMENTATION_COMMENTS = YES;
				CLANG_WARN_EMPTY_BODY = YES;
				CLANG_WARN_ENUM_CONVERSION = YES;
				CLANG_WARN_INFINITE_RECURSION = YES;
				CLANG_WARN_INT_CONVERSION = YES;
				CLANG_WARN_NON_LITERAL_NULL_CONVERSION = YES;
				CLANG_WARN_OBJC_IMPLICIT_RETAIN_SELF = YES;
				CLANG_WARN_OBJC_LITERAL_CONVERSION = YES;
				CLANG_WARN_OBJC_ROOT_CLASS = YES_ERROR;
				CLANG_WARN_QUOTED_INCLUDE_IN_FRAMEWORK_HEADER = YES;
				CLANG_WARN_RANGE_LOOP_ANALYSIS = YES;
				CLANG_WARN_STRICT_PROTOTYPES = YES;
				CLANG_WARN_SUSPICIOUS_MOVE = YES;
				CLANG_WARN_UNGUARDED_AVAILABILITY = YES_AGGRESSIVE;
				CLANG_WARN_UNREACHABLE_CODE = YES;
				CLANG_WARN__DUPLICATE_METHOD_MATCH = YES;
				COPY_PHASE_STRIP = NO;
				CURRENT_PROJECT_VERSION = 1;
				DEBUG_INFORMATION_FORMAT = dwarf;
				ENABLE_STRICT_OBJC_MSGSEND = YES;
				ENABLE_TESTABILITY = YES;
				ENABLE_USER_SCRIPT_SANDBOXING = YES;
				GCC_C_LANGUAGE_STANDARD = gnu17;
				GCC_DYNAMIC_NO_PIC = NO;
				GCC_NO_COMMON_BLOCKS = YES;
				GCC_OPTIMIZATION_LEVEL = 0;
				GCC_PREPROCESSOR_DEFINITIONS = (
					"DEBUG=1",
					"$(inherited)",
				);
				GCC_WARN_64_TO_32_BIT_CONVERSION = YES;
				GCC_WARN_ABOUT_RETURN_TYPE = YES_ERROR;
				GCC_WARN_UNDECLARED_SELECTOR = YES;
				GCC_WARN_UNINITIALIZED_AUTOS = YES_AGGRESSIVE;
				GCC_WARN_UNUSED_FUNCTION = YES;
				GCC_WARN_UNUSED_VARIABLE = YES;
				IPHONEOS_DEPLOYMENT_TARGET = 17.4;
				LOCALIZATION_PREFERS_STRING_CATALOGS = YES;
				MTL_ENABLE_DEBUG_INFO = INCLUDE_SOURCE;
				MTL_FAST_MATH = YES;
				ONLY_ACTIVE_ARCH = YES;
				SDKROOT = iphoneos;
				VERSIONING_SYSTEM = "apple-generic";
				VERSION_INFO_PREFIX = "";
			};
			name = Debug;
		};
		2BA7162F2C7B7A2800F126C9 /* Release */ = {
			isa = XCBuildConfiguration;
			buildSettings = {
				ALWAYS_SEARCH_USER_PATHS = NO;
				ASSETCATALOG_COMPILER_GENERATE_SWIFT_ASSET_SYMBOL_EXTENSIONS = YES;
				CLANG_ANALYZER_NONNULL = YES;
				CLANG_ANALYZER_NUMBER_OBJECT_CONVERSION = YES_AGGRESSIVE;
				CLANG_CXX_LANGUAGE_STANDARD = "gnu++20";
				CLANG_ENABLE_MODULES = YES;
				CLANG_ENABLE_OBJC_ARC = YES;
				CLANG_ENABLE_OBJC_WEAK = YES;
				CLANG_WARN_BLOCK_CAPTURE_AUTORELEASING = YES;
				CLANG_WARN_BOOL_CONVERSION = YES;
				CLANG_WARN_COMMA = YES;
				CLANG_WARN_CONSTANT_CONVERSION = YES;
				CLANG_WARN_DEPRECATED_OBJC_IMPLEMENTATIONS = YES;
				CLANG_WARN_DIRECT_OBJC_ISA_USAGE = YES_ERROR;
				CLANG_WARN_DOCUMENTATION_COMMENTS = YES;
				CLANG_WARN_EMPTY_BODY = YES;
				CLANG_WARN_ENUM_CONVERSION = YES;
				CLANG_WARN_INFINITE_RECURSION = YES;
				CLANG_WARN_INT_CONVERSION = YES;
				CLANG_WARN_NON_LITERAL_NULL_CONVERSION = YES;
				CLANG_WARN_OBJC_IMPLICIT_RETAIN_SELF = YES;
				CLANG_WARN_OBJC_LITERAL_CONVERSION = YES;
				CLANG_WARN_OBJC_ROOT_CLASS = YES_ERROR;
				CLANG_WARN_QUOTED_INCLUDE_IN_FRAMEWORK_HEADER = YES;
				CLANG_WARN_RANGE_LOOP_ANALYSIS = YES;
				CLANG_WARN_STRICT_PROTOTYPES = YES;
				CLANG_WARN_SUSPICIOUS_MOVE = YES;
				CLANG_WARN_UNGUARDED_AVAILABILITY = YES_AGGRESSIVE;
				CLANG_WARN_UNREACHABLE_CODE = YES;
				CLANG_WARN__DUPLICATE_METHOD_MATCH = YES;
				COPY_PHASE_STRIP = NO;
				CURRENT_PROJECT_VERSION = 1;
				DEBUG_INFORMATION_FORMAT = "dwarf-with-dsym";
				ENABLE_NS_ASSERTIONS = NO;
				ENABLE_STRICT_OBJC_MSGSEND = YES;
				ENABLE_USER_SCRIPT_SANDBOXING = YES;
				GCC_C_LANGUAGE_STANDARD = gnu17;
				GCC_NO_COMMON_BLOCKS = YES;
				GCC_WARN_64_TO_32_BIT_CONVERSION = YES;
				GCC_WARN_ABOUT_RETURN_TYPE = YES_ERROR;
				GCC_WARN_UNDECLARED_SELECTOR = YES;
				GCC_WARN_UNINITIALIZED_AUTOS = YES_AGGRESSIVE;
				GCC_WARN_UNUSED_FUNCTION = YES;
				GCC_WARN_UNUSED_VARIABLE = YES;
				IPHONEOS_DEPLOYMENT_TARGET = 17.4;
				LOCALIZATION_PREFERS_STRING_CATALOGS = YES;
				MTL_ENABLE_DEBUG_INFO = NO;
				MTL_FAST_MATH = YES;
				SDKROOT = iphoneos;
				VALIDATE_PRODUCT = YES;
				VERSIONING_SYSTEM = "apple-generic";
				VERSION_INFO_PREFIX = "";
			};
			name = Release;
		};
		2BA716312C7B7A2800F126C9 /* Debug */ = {
			isa = XCBuildConfiguration;
			buildSettings = {
				CODE_SIGN_IDENTITY = "";
				CODE_SIGN_STYLE = Manual;
				CURRENT_PROJECT_VERSION = 1;
				DEFINES_MODULE = YES;
				DEVELOPMENT_TEAM = "";
				DYLIB_COMPATIBILITY_VERSION = 1;
				DYLIB_CURRENT_VERSION = 1;
				DYLIB_INSTALL_NAME_BASE = "@rpath";
				ENABLE_MODULE_VERIFIER = YES;
				GENERATE_INFOPLIST_FILE = YES;
				INFOPLIST_KEY_NSHumanReadableCopyright = "";
				INSTALL_PATH = "$(LOCAL_LIBRARY_DIR)/Frameworks";
				LD_RUNPATH_SEARCH_PATHS = (
					"$(inherited)",
					"@executable_path/Frameworks",
					"@loader_path/Frameworks",
				);
				MARKETING_VERSION = 1.0;
				MODULE_VERIFIER_SUPPORTED_LANGUAGES = "objective-c objective-c++";
				MODULE_VERIFIER_SUPPORTED_LANGUAGE_STANDARDS = "gnu17 gnu++20";
				PRODUCT_BUNDLE_IDENTIFIER = com.pinar.ServiceProxy;
				PRODUCT_NAME = "$(TARGET_NAME:c99extidentifier)";
				PROVISIONING_PROFILE_SPECIFIER = "";
				SKIP_INSTALL = YES;
				SWIFT_EMIT_LOC_STRINGS = YES;
				TARGETED_DEVICE_FAMILY = "1,2";
			};
			name = Debug;
		};
		2BA716322C7B7A2800F126C9 /* Release */ = {
			isa = XCBuildConfiguration;
			buildSettings = {
				CODE_SIGN_IDENTITY = "";
				CODE_SIGN_STYLE = Manual;
				CURRENT_PROJECT_VERSION = 1;
				DEFINES_MODULE = YES;
				DEVELOPMENT_TEAM = "";
				DYLIB_COMPATIBILITY_VERSION = 1;
				DYLIB_CURRENT_VERSION = 1;
				DYLIB_INSTALL_NAME_BASE = "@rpath";
				ENABLE_MODULE_VERIFIER = YES;
				GENERATE_INFOPLIST_FILE = YES;
				INFOPLIST_KEY_NSHumanReadableCopyright = "";
				INSTALL_PATH = "$(LOCAL_LIBRARY_DIR)/Frameworks";
				LD_RUNPATH_SEARCH_PATHS = (
					"$(inherited)",
					"@executable_path/Frameworks",
					"@loader_path/Frameworks",
				);
				MARKETING_VERSION = 1.0;
				MODULE_VERIFIER_SUPPORTED_LANGUAGES = "objective-c objective-c++";
				MODULE_VERIFIER_SUPPORTED_LANGUAGE_STANDARDS = "gnu17 gnu++20";
				PRODUCT_BUNDLE_IDENTIFIER = com.pinar.ServiceProxy;
				PRODUCT_NAME = "$(TARGET_NAME:c99extidentifier)";
				PROVISIONING_PROFILE_SPECIFIER = "";
				SKIP_INSTALL = YES;
				SWIFT_EMIT_LOC_STRINGS = YES;
				TARGETED_DEVICE_FAMILY = "1,2";
			};
			name = Release;
		};
		2BA716342C7B7A2800F126C9 /* Debug */ = {
			isa = XCBuildConfiguration;
			buildSettings = {
				CODE_SIGN_STYLE = Automatic;
				CURRENT_PROJECT_VERSION = 1;
				DEVELOPMENT_TEAM = SH63W6PH4B;
				GENERATE_INFOPLIST_FILE = YES;
				MARKETING_VERSION = 1.0;
				PRODUCT_BUNDLE_IDENTIFIER = com.pinar.ServiceProxyTests;
				PRODUCT_NAME = "$(TARGET_NAME)";
				SWIFT_EMIT_LOC_STRINGS = NO;
				TARGETED_DEVICE_FAMILY = "1,2";
			};
			name = Debug;
		};
		2BA716352C7B7A2800F126C9 /* Release */ = {
			isa = XCBuildConfiguration;
			buildSettings = {
				CODE_SIGN_STYLE = Automatic;
				CURRENT_PROJECT_VERSION = 1;
				DEVELOPMENT_TEAM = SH63W6PH4B;
				GENERATE_INFOPLIST_FILE = YES;
				MARKETING_VERSION = 1.0;
				PRODUCT_BUNDLE_IDENTIFIER = com.pinar.ServiceProxyTests;
				PRODUCT_NAME = "$(TARGET_NAME)";
				SWIFT_EMIT_LOC_STRINGS = NO;
				TARGETED_DEVICE_FAMILY = "1,2";
			};
			name = Release;
		};
/* End XCBuildConfiguration section */

/* Begin XCConfigurationList section */
		2BA716162C7B7A2800F126C9 /* Build configuration list for PBXProject "ServiceProxy" */ = {
			isa = XCConfigurationList;
			buildConfigurations = (
				2BA7162E2C7B7A2800F126C9 /* Debug */,
				2BA7162F2C7B7A2800F126C9 /* Release */,
			);
			defaultConfigurationIsVisible = 0;
			defaultConfigurationName = Release;
		};
		2BA716302C7B7A2800F126C9 /* Build configuration list for PBXNativeTarget "ServiceProxy" */ = {
			isa = XCConfigurationList;
			buildConfigurations = (
				2BA716312C7B7A2800F126C9 /* Debug */,
				2BA716322C7B7A2800F126C9 /* Release */,
			);
			defaultConfigurationIsVisible = 0;
			defaultConfigurationName = Release;
		};
		2BA716332C7B7A2800F126C9 /* Build configuration list for PBXNativeTarget "ServiceProxyTests" */ = {
			isa = XCConfigurationList;
			buildConfigurations = (
				2BA716342C7B7A2800F126C9 /* Debug */,
				2BA716352C7B7A2800F126C9 /* Release */,
			);
			defaultConfigurationIsVisible = 0;
			defaultConfigurationName = Release;
		};
/* End XCConfigurationList section */
	};
	rootObject = 2BA716132C7B7A2800F126C9 /* Project object */;
}
